
Microsoft Visual Studio Solution File, Format Version 12.00
# Visual Studio Version 17
VisualStudioVersion = 17.5.33530.505
MinimumVisualStudioVersion = 10.0.40219.1
Project("{9A19103F-16F7-4668-BE54-9A1E7A4F7556}") = "TrueAlchemicalWalker", "TrueAlchemicalWalker\TrueAlchemicalWalker.csproj", "{3DD482CA-29FB-4EDA-9EA3-1CA7D88D9237}"
EndProject
Global
	GlobalSection(SolutionConfigurationPlatforms) = preSolution
		Debug|Any CPU = Debug|Any CPU
		Release|Any CPU = Release|Any CPU
	EndGlobalSection
	GlobalSection(ProjectConfigurationPlatforms) = postSolution
		{3DD482CA-29FB-4EDA-9EA3-1CA7D88D9237}.Debug|Any CPU.ActiveCfg = Debug|Any CPU
		{3DD482CA-29FB-4EDA-9EA3-1CA7D88D9237}.Debug|Any CPU.Build.0 = Debug|Any CPU
		{3DD482CA-29FB-4EDA-9EA3-1CA7D88D9237}.Release|Any CPU.ActiveCfg = Release|Any CPU
		{3DD482CA-29FB-4EDA-9EA3-1CA7D88D9237}.Release|Any CPU.Build.0 = Release|Any CPU
	EndGlobalSection
	GlobalSection(SolutionProperties) = preSolution
		HideSolutionNode = FALSE
	EndGlobalSection
	GlobalSection(ExtensibilityGlobals) = postSolution
		SolutionGuid = {4D6E1AE7-9642-4154-B039-A96B07C870F6}
	EndGlobalSection
EndGlobal
